
Microsoft Visual Studio Solution File, Format Version 12.00
# Visual Studio Version 17
VisualStudioVersion = 17.13.35931.197 d17.13
MinimumVisualStudioVersion = 10.0.40219.1
Project("{FAE04EC0-301F-11D3-BF4B-00C04F79EFBC}") = "RevisaoWindowsForms", "RevisaoWindowsForms.csproj", "{1F655617-DE64-4E9C-813F-998114174BDD}"
EndProject
Global
	GlobalSection(SolutionConfigurationPlatforms) = preSolution
		Debug|Any CPU = Debug|Any CPU
		Release|Any CPU = Release|Any CPU
	EndGlobalSection
	GlobalSection(ProjectConfigurationPlatforms) = postSolution
		{1F655617-DE64-4E9C-813F-998114174BDD}.Debug|Any CPU.ActiveCfg = Debug|Any CPU
		{1F655617-DE64-4E9C-813F-998114174BDD}.Debug|Any CPU.Build.0 = Debug|Any CPU
		{1F655617-DE64-4E9C-813F-998114174BDD}.Release|Any CPU.ActiveCfg = Release|Any CPU
		{1F655617-DE64-4E9C-813F-998114174BDD}.Release|Any CPU.Build.0 = Release|Any CPU
	EndGlobalSection
	GlobalSection(SolutionProperties) = preSolution
		HideSolutionNode = FALSE
	EndGlobalSection
	GlobalSection(ExtensibilityGlobals) = postSolution
		SolutionGuid = {ABD6D5FE-4920-4FD8-A410-EADC820821FF}
	EndGlobalSection
EndGlobal
