
Microsoft Visual Studio Solution File, Format Version 12.00
# Visual Studio Version 17
VisualStudioVersion = 17.13.35931.197 d17.13
MinimumVisualStudioVersion = 10.0.40219.1
Project("{FAE04EC0-301F-11D3-BF4B-00C04F79EFBC}") = "Calculadora", "Calculadora.csproj", "{7E9F5C98-5B9E-47DE-88A8-78F0492C77E6}"
EndProject
Global
	GlobalSection(SolutionConfigurationPlatforms) = preSolution
		Debug|Any CPU = Debug|Any CPU
		Release|Any CPU = Release|Any CPU
	EndGlobalSection
	GlobalSection(ProjectConfigurationPlatforms) = postSolution
		{7E9F5C98-5B9E-47DE-88A8-78F0492C77E6}.Debug|Any CPU.ActiveCfg = Debug|Any CPU
		{7E9F5C98-5B9E-47DE-88A8-78F0492C77E6}.Debug|Any CPU.Build.0 = Debug|Any CPU
		{7E9F5C98-5B9E-47DE-88A8-78F0492C77E6}.Release|Any CPU.ActiveCfg = Release|Any CPU
		{7E9F5C98-5B9E-47DE-88A8-78F0492C77E6}.Release|Any CPU.Build.0 = Release|Any CPU
	EndGlobalSection
	GlobalSection(SolutionProperties) = preSolution
		HideSolutionNode = FALSE
	EndGlobalSection
	GlobalSection(ExtensibilityGlobals) = postSolution
		SolutionGuid = {FC19F9DF-8987-4EC2-8B1A-7516C3915E94}
	EndGlobalSection
EndGlobal
